
Microsoft Visual Studio Solution File, Format Version 12.00
# Visual Studio Version 17
VisualStudioVersion = 17.4.33213.308
MinimumVisualStudioVersion = 10.0.40219.1
Project("{FAE04EC0-301F-11D3-BF4B-00C04F79EFBC}") = "Week15OOPAndFiles", "Week15OOPAndFiles\Week15OOPAndFiles.csproj", "{6C804729-D6BE-4959-91C0-B82F81D8F1DB}"
EndProject
Project("{FAE04EC0-301F-11D3-BF4B-00C04F79EFBC}") = "Week15OOPAndFiles2", "Week15OOPAndFiles2\Week15OOPAndFiles2.csproj", "{E7C5316B-D26E-4B15-B296-40B4DEAC0EBC}"
EndProject
Global
	GlobalSection(SolutionConfigurationPlatforms) = preSolution
		Debug|Any CPU = Debug|Any CPU
		Release|Any CPU = Release|Any CPU
	EndGlobalSection
	GlobalSection(ProjectConfigurationPlatforms) = postSolution
		{6C804729-D6BE-4959-91C0-B82F81D8F1DB}.Debug|Any CPU.ActiveCfg = Debug|Any CPU
		{6C804729-D6BE-4959-91C0-B82F81D8F1DB}.Debug|Any CPU.Build.0 = Debug|Any CPU
		{6C804729-D6BE-4959-91C0-B82F81D8F1DB}.Release|Any CPU.ActiveCfg = Release|Any CPU
		{6C804729-D6BE-4959-91C0-B82F81D8F1DB}.Release|Any CPU.Build.0 = Release|Any CPU
		{E7C5316B-D26E-4B15-B296-40B4DEAC0EBC}.Debug|Any CPU.ActiveCfg = Debug|Any CPU
		{E7C5316B-D26E-4B15-B296-40B4DEAC0EBC}.Debug|Any CPU.Build.0 = Debug|Any CPU
		{E7C5316B-D26E-4B15-B296-40B4DEAC0EBC}.Release|Any CPU.ActiveCfg = Release|Any CPU
		{E7C5316B-D26E-4B15-B296-40B4DEAC0EBC}.Release|Any CPU.Build.0 = Release|Any CPU
	EndGlobalSection
	GlobalSection(SolutionProperties) = preSolution
		HideSolutionNode = FALSE
	EndGlobalSection
	GlobalSection(ExtensibilityGlobals) = postSolution
		SolutionGuid = {743D7D63-A55F-40BE-A8CC-49A53052030E}
	EndGlobalSection
EndGlobal
